# This file is automatically @generated by Cargo.
# It is not intended for manual editing.
version = 3

[[package]]
name = "adler32"
version = "1.2.0"
source = "registry+https://github.com/rust-lang/crates.io-index"
checksum = "aae1277d39aeec15cb388266ecc24b11c80469deae6067e17a1a7aa9e5c1f234"

[[package]]
name = "ahash"
version = "0.4.7"
source = "registry+https://github.com/rust-lang/crates.io-index"
checksum = "739f4a8db6605981345c5654f3a85b056ce52f37a39d34da03f25bf2151ea16e"

[[package]]
name = "albedo"
version = "0.0.1-beta.0"
dependencies = [
 "enumflags2",
 "glam",
 "gltf",
 "image",
 "pollster",
 "wgpu",
]

[[package]]
name = "albedo_backend"
version = "0.0.1-beta.0"
dependencies = [
 "bytemuck",
 "wgpu",
]

[[package]]
name = "albedo_bvh"
version = "0.0.1-beta.0"
dependencies = [
 "albedo_math",
 "bytemuck",
 "glam",
]

[[package]]
name = "albedo_math"
version = "0.0.1-beta.0"
dependencies = [
 "glam",
]

[[package]]
name = "albedo_rtx"
version = "0.0.1-beta.0"
dependencies = [
 "albedo_backend",
 "albedo_bvh",
 "albedo_math",
 "bytemuck",
 "glam",
 "guillotiere",
 "wgpu",
]

[[package]]
name = "android_system_properties"
version = "0.1.5"
source = "registry+https://github.com/rust-lang/crates.io-index"
checksum = "819e7219dbd41043ac279b19830f2efc897156490d7fd6ea916720117ee66311"
dependencies = [
 "libc",
]

[[package]]
name = "arrayvec"
version = "0.7.1"
source = "registry+https://github.com/rust-lang/crates.io-index"
checksum = "be4dc07131ffa69b8072d35f5007352af944213cde02545e2103680baed38fcd"

[[package]]
name = "ash"
version = "0.37.0+1.3.209"
source = "registry+https://github.com/rust-lang/crates.io-index"
checksum = "006ca68e0f2b03f22d6fa9f2860f85aed430d257fec20f8879b2145e7c7ae1a6"
dependencies = [
 "libloading",
]

[[package]]
name = "autocfg"
version = "1.0.1"
source = "registry+https://github.com/rust-lang/crates.io-index"
checksum = "cdb031dd78e28731d87d56cc8ffef4a8f36ca26c38fe2de700543e627f8a464a"

[[package]]
name = "base64"
version = "0.11.0"
source = "registry+https://github.com/rust-lang/crates.io-index"
checksum = "b41b7ea54a0c9d92199de89e20e58d49f02f8e699814ef3fdf266f6f748d15c7"

[[package]]
name = "bit-set"
version = "0.5.2"
source = "registry+https://github.com/rust-lang/crates.io-index"
checksum = "6e11e16035ea35e4e5997b393eacbf6f63983188f7a2ad25bfb13465f5ad59de"
dependencies = [
 "bit-vec",
]

[[package]]
name = "bit-vec"
version = "0.6.3"
source = "registry+https://github.com/rust-lang/crates.io-index"
checksum = "349f9b6a179ed607305526ca489b34ad0a41aed5f7980fa90eb03160b69598fb"

[[package]]
name = "bitflags"
version = "1.2.1"
source = "registry+https://github.com/rust-lang/crates.io-index"
checksum = "cf1de2fe8c75bc145a2f577add951f8134889b4795d47466a54a5c846d691693"

[[package]]
name = "block"
version = "0.1.6"
source = "registry+https://github.com/rust-lang/crates.io-index"
checksum = "0d8c1fef690941d3e7788d328517591fecc684c084084702d6ff1641e993699a"

[[package]]
name = "bumpalo"
version = "3.6.1"
source = "registry+https://github.com/rust-lang/crates.io-index"
checksum = "63396b8a4b9de3f4fdfb320ab6080762242f66a8ef174c49d8e19b674db4cdbe"

[[package]]
name = "bytemuck"
version = "1.5.1"
source = "registry+https://github.com/rust-lang/crates.io-index"
checksum = "bed57e2090563b83ba8f83366628ce535a7584c9afa4c9fc0612a03925c6df58"

[[package]]
name = "byteorder"
version = "1.4.2"
source = "registry+https://github.com/rust-lang/crates.io-index"
checksum = "ae44d1a3d5a19df61dd0c8beb138458ac2a53a7ac09eba97d55592540004306b"

[[package]]
name = "cc"
version = "1.0.67"
source = "registry+https://github.com/rust-lang/crates.io-index"
checksum = "e3c69b077ad434294d3ce9f1f6143a2a4b89a8a2d54ef813d85003a4fd1137fd"

[[package]]
name = "cfg-if"
version = "1.0.0"
source = "registry+https://github.com/rust-lang/crates.io-index"
checksum = "baf1de4339761588bc0619e3cbc0120ee582ebb74b53b4efbf79117bd2da40fd"

[[package]]
name = "cfg_aliases"
version = "0.1.1"
source = "registry+https://github.com/rust-lang/crates.io-index"
checksum = "fd16c4719339c4530435d38e511904438d07cce7950afa3718a84ac36c10e89e"

[[package]]
name = "codespan-reporting"
version = "0.11.1"
source = "registry+https://github.com/rust-lang/crates.io-index"
checksum = "3538270d33cc669650c4b093848450d380def10c331d38c768e34cac80576e6e"
dependencies = [
 "termcolor",
 "unicode-width",
]

[[package]]
name = "color_quant"
version = "1.1.0"
source = "registry+https://github.com/rust-lang/crates.io-index"
checksum = "3d7b894f5411737b7867f4827955924d7c254fc9f4d91a6aad6b097804b1018b"

[[package]]
name = "copyless"
version = "0.1.5"
source = "registry+https://github.com/rust-lang/crates.io-index"
checksum = "a2df960f5d869b2dd8532793fde43eb5427cceb126c929747a26823ab0eeb536"

[[package]]
name = "core-foundation"
version = "0.9.1"
source = "registry+https://github.com/rust-lang/crates.io-index"
checksum = "0a89e2ae426ea83155dccf10c0fa6b1463ef6d5fcb44cee0b224a408fa640a62"
dependencies = [
 "core-foundation-sys",
 "libc",
]

[[package]]
name = "core-foundation-sys"
version = "0.8.2"
source = "registry+https://github.com/rust-lang/crates.io-index"
checksum = "ea221b5284a47e40033bf9b66f35f984ec0ea2931eb03505246cd27a963f981b"

[[package]]
name = "core-graphics-types"
version = "0.1.1"
source = "registry+https://github.com/rust-lang/crates.io-index"
checksum = "3a68b68b3446082644c91ac778bf50cd4104bfb002b5a6a7c44cca5a2c70788b"
dependencies = [
 "bitflags",
 "core-foundation",
 "foreign-types",
 "libc",
]

[[package]]
name = "crc32fast"
version = "1.2.1"
source = "registry+https://github.com/rust-lang/crates.io-index"
checksum = "81156fece84ab6a9f2afdb109ce3ae577e42b1228441eded99bd77f627953b1a"
dependencies = [
 "cfg-if",
]

[[package]]
name = "cty"
version = "0.2.2"
source = "registry+https://github.com/rust-lang/crates.io-index"
checksum = "b365fabc795046672053e29c954733ec3b05e4be654ab130fe8f1f94d7051f35"

[[package]]
name = "d3d12"
version = "0.5.0"
source = "registry+https://github.com/rust-lang/crates.io-index"
checksum = "827914e1f53b1e0e025ecd3d967a7836b7bcb54520f90e21ef8df7b4d88a2759"
dependencies = [
 "bitflags",
 "libloading",
 "winapi",
]

[[package]]
name = "deflate"
version = "0.8.6"
source = "registry+https://github.com/rust-lang/crates.io-index"
checksum = "73770f8e1fe7d64df17ca66ad28994a0a623ea497fa69486e14984e715c5d174"
dependencies = [
 "adler32",
 "byteorder",
]

[[package]]
name = "enumflags2"
version = "0.7.1"
source = "registry+https://github.com/rust-lang/crates.io-index"
checksum = "a8672257d642ffdd235f6e9c723c2326ac1253c8f3c022e7cfd2e57da55b1131"
dependencies = [
 "enumflags2_derive",
]

[[package]]
name = "enumflags2_derive"
version = "0.7.0"
source = "registry+https://github.com/rust-lang/crates.io-index"
checksum = "33526f770a27828ce7c2792fdb7cb240220237e0ff12933ed6c23957fc5dd7cf"
dependencies = [
 "proc-macro2",
 "quote",
 "syn",
]

[[package]]
name = "euclid"
version = "0.22.7"
source = "registry+https://github.com/rust-lang/crates.io-index"
checksum = "b52c2ef4a78da0ba68fbe1fd920627411096d2ac478f7f4c9f3a54ba6705bade"
dependencies = [
 "num-traits",
]

[[package]]
name = "fixedbitset"
version = "0.4.0"
source = "registry+https://github.com/rust-lang/crates.io-index"
checksum = "398ea4fabe40b9b0d885340a2a991a44c8a645624075ad966d21f88688e2b69e"

[[package]]
name = "foreign-types"
version = "0.3.2"
source = "registry+https://github.com/rust-lang/crates.io-index"
checksum = "f6f339eb8adc052cd2ca78910fda869aefa38d22d5cb648e6485e4d3fc06f3b1"
dependencies = [
 "foreign-types-shared",
]

[[package]]
name = "foreign-types-shared"
version = "0.1.1"
source = "registry+https://github.com/rust-lang/crates.io-index"
checksum = "00b0228411908ca8685dba7fc2cdd70ec9990a6e753e89b6ac91a84c40fbaf4b"

[[package]]
name = "fxhash"
version = "0.2.1"
source = "registry+https://github.com/rust-lang/crates.io-index"
checksum = "c31b6d751ae2c7f11320402d34e41349dd1016f8d5d45e48c4312bc8625af50c"
dependencies = [
 "byteorder",
]

[[package]]
name = "glam"
version = "0.20.2"
source = "registry+https://github.com/rust-lang/crates.io-index"
checksum = "e4fa84eead97d5412b2a20aed4d66612a97a9e41e08eababdb9ae2bf88667490"

[[package]]
name = "glow"
version = "0.11.2"
source = "registry+https://github.com/rust-lang/crates.io-index"
checksum = "d8bd5877156a19b8ac83a29b2306fe20537429d318f3ff0a1a2119f8d9c61919"
dependencies = [
 "js-sys",
 "slotmap",
 "wasm-bindgen",
 "web-sys",
]

[[package]]
name = "gltf"
version = "0.15.2"
source = "registry+https://github.com/rust-lang/crates.io-index"
checksum = "d6fb0d1d772daf10ea74528c3aeb12215f6d5b820adf2ecfc93a6578d6779c3c"
dependencies = [
 "base64",
 "byteorder",
 "gltf-json",
 "image",
 "lazy_static",
]

[[package]]
name = "gltf-derive"
version = "0.15.2"
source = "registry+https://github.com/rust-lang/crates.io-index"
checksum = "f6636de7bf52227363554f1ca2d9cd180fc666129ddd0933097e1f227dfa7293"
dependencies = [
 "inflections",
 "proc-macro2",
 "quote",
 "syn",
]

[[package]]
name = "gltf-json"
version = "0.15.2"
source = "registry+https://github.com/rust-lang/crates.io-index"
checksum = "e3fc3deb81e6fa04bf808f6be7c3983229552a95b77f687ad96af00f6d3e7d6c"
dependencies = [
 "gltf-derive",
 "serde",
 "serde_derive",
 "serde_json",
]

[[package]]
name = "gpu-alloc"
version = "0.5.1"
source = "registry+https://github.com/rust-lang/crates.io-index"
checksum = "ab8524eac5fc9d05625c891adf78fcf64dc0ee9f8d0882874b9f220f42b442bf"
dependencies = [
 "bitflags",
 "gpu-alloc-types",
]

[[package]]
name = "gpu-alloc-types"
version = "0.2.0"
source = "registry+https://github.com/rust-lang/crates.io-index"
checksum = "54804d0d6bc9d7f26db4eaec1ad10def69b599315f487d32c334a80d1efe67a5"
dependencies = [
 "bitflags",
]

[[package]]
name = "gpu-descriptor"
version = "0.2.1"
source = "registry+https://github.com/rust-lang/crates.io-index"
checksum = "d7a237f0419ab10d17006d55c62ac4f689a6bf52c75d3f38b8361d249e8d4b0b"
dependencies = [
 "bitflags",
 "gpu-descriptor-types",
 "hashbrown 0.9.1",
]

[[package]]
name = "gpu-descriptor-types"
version = "0.1.1"
source = "registry+https://github.com/rust-lang/crates.io-index"
checksum = "363e3677e55ad168fef68cf9de3a4a310b53124c5e784c53a1d70e92d23f2126"
dependencies = [
 "bitflags",
]

[[package]]
name = "guillotiere"
version = "0.6.2"
source = "registry+https://github.com/rust-lang/crates.io-index"
checksum = "b62d5865c036cb1393e23c50693df631d3f5d7bcca4c04fe4cc0fd592e74a782"
dependencies = [
 "euclid",
 "svg_fmt",
]

[[package]]
name = "hashbrown"
version = "0.9.1"
source = "registry+https://github.com/rust-lang/crates.io-index"
checksum = "d7afe4a420e3fe79967a00898cc1f4db7c8a49a9333a29f8a4bd76a253d5cd04"
dependencies = [
 "ahash",
]

[[package]]
name = "hashbrown"
version = "0.11.2"
source = "registry+https://github.com/rust-lang/crates.io-index"
checksum = "ab5ef0d4909ef3724cc8cce6ccc8572c5c817592e9285f5464f8e86f8bd3726e"

[[package]]
name = "hexf-parse"
version = "0.2.1"
source = "registry+https://github.com/rust-lang/crates.io-index"
checksum = "dfa686283ad6dd069f105e5ab091b04c62850d3e4cf5d67debad1933f55023df"

[[package]]
name = "image"
version = "0.23.13"
source = "registry+https://github.com/rust-lang/crates.io-index"
checksum = "293f07a1875fa7e9c5897b51aa68b2d8ed8271b87e1a44cb64b9c3d98aabbc0d"
dependencies = [
 "bytemuck",
 "byteorder",
 "color_quant",
 "jpeg-decoder",
 "num-iter",
 "num-rational",
 "num-traits",
 "png",
 "scoped_threadpool",
]

[[package]]
name = "indexmap"
version = "1.7.0"
source = "registry+https://github.com/rust-lang/crates.io-index"
checksum = "bc633605454125dec4b66843673f01c7df2b89479b32e0ed634e43a91cff62a5"
dependencies = [
 "autocfg",
 "hashbrown 0.11.2",
]

[[package]]
name = "inflections"
version = "1.1.1"
source = "registry+https://github.com/rust-lang/crates.io-index"
checksum = "a257582fdcde896fd96463bf2d40eefea0580021c0712a0e2b028b60b47a837a"

[[package]]
name = "inplace_it"
version = "0.3.3"
source = "registry+https://github.com/rust-lang/crates.io-index"
checksum = "90953f308a79fe6d62a4643e51f848fbfddcd05975a38e69fdf4ab86a7baf7ca"

[[package]]
name = "instant"
version = "0.1.9"
source = "registry+https://github.com/rust-lang/crates.io-index"
checksum = "61124eeebbd69b8190558df225adf7e4caafce0d743919e5d6b19652314ec5ec"
dependencies = [
 "cfg-if",
]

[[package]]
name = "itoa"
version = "0.4.7"
source = "registry+https://github.com/rust-lang/crates.io-index"
checksum = "dd25036021b0de88a0aff6b850051563c6516d0bf53f8638938edbb9de732736"

[[package]]
name = "jpeg-decoder"
version = "0.1.22"
source = "registry+https://github.com/rust-lang/crates.io-index"
checksum = "229d53d58899083193af11e15917b5640cd40b29ff475a1fe4ef725deb02d0f2"

[[package]]
name = "js-sys"
version = "0.3.60"
source = "registry+https://github.com/rust-lang/crates.io-index"
checksum = "49409df3e3bf0856b916e2ceaca09ee28e6871cf7d9ce97a692cacfdb2a25a47"
dependencies = [
 "wasm-bindgen",
]

[[package]]
name = "khronos-egl"
version = "4.1.0"
source = "registry+https://github.com/rust-lang/crates.io-index"
checksum = "8c2352bd1d0bceb871cb9d40f24360c8133c11d7486b68b5381c1dd1a32015e3"
dependencies = [
 "libc",
 "libloading",
 "pkg-config",
]

[[package]]
name = "lazy_static"
version = "1.4.0"
source = "registry+https://github.com/rust-lang/crates.io-index"
checksum = "e2abad23fbc42b3700f2f279844dc832adb2b2eb069b2df918f455c4e18cc646"

[[package]]
name = "libc"
version = "0.2.134"
source = "registry+https://github.com/rust-lang/crates.io-index"
checksum = "329c933548736bc49fd575ee68c89e8be4d260064184389a5b77517cddd99ffb"

[[package]]
name = "libloading"
version = "0.7.0"
source = "registry+https://github.com/rust-lang/crates.io-index"
checksum = "6f84d96438c15fcd6c3f244c8fce01d1e2b9c6b5623e9c711dc9286d8fc92d6a"
dependencies = [
 "cfg-if",
 "winapi",
]

[[package]]
name = "lock_api"
version = "0.4.2"
source = "registry+https://github.com/rust-lang/crates.io-index"
checksum = "dd96ffd135b2fd7b973ac026d28085defbe8983df057ced3eb4f2130b0831312"
dependencies = [
 "scopeguard",
]

[[package]]
name = "log"
version = "0.4.14"
source = "registry+https://github.com/rust-lang/crates.io-index"
checksum = "51b9bbe6c47d51fc3e1a9b945965946b4c44142ab8792c50835a980d362c2710"
dependencies = [
 "cfg-if",
]

[[package]]
name = "malloc_buf"
version = "0.0.6"
source = "registry+https://github.com/rust-lang/crates.io-index"
checksum = "62bb907fe88d54d8d9ce32a3cceab4218ed2f6b7d35617cafe9adf84e43919cb"
dependencies = [
 "libc",
]

[[package]]
name = "metal"
version = "0.24.0"
source = "registry+https://github.com/rust-lang/crates.io-index"
checksum = "de11355d1f6781482d027a3b4d4de7825dcedb197bf573e0596d00008402d060"
dependencies = [
 "bitflags",
 "block",
 "core-graphics-types",
 "foreign-types",
 "log",
 "objc",
]

[[package]]
name = "miniz_oxide"
version = "0.3.7"
source = "registry+https://github.com/rust-lang/crates.io-index"
checksum = "791daaae1ed6889560f8c4359194f56648355540573244a5448a83ba1ecc7435"
dependencies = [
 "adler32",
]

[[package]]
name = "naga"
version = "0.9.0"
source = "registry+https://github.com/rust-lang/crates.io-index"
checksum = "5f50357e1167a3ab92d6b3c7f4bf5f7fd13fde3f4b28bf0d5ea07b5100fdb6c0"
dependencies = [
 "bit-set",
 "bitflags",
 "codespan-reporting",
 "hexf-parse",
 "indexmap",
 "log",
 "num-traits",
 "petgraph",
 "rustc-hash",
 "spirv",
 "termcolor",
 "thiserror",
 "unicode-xid",
]

[[package]]
name = "num-integer"
version = "0.1.44"
source = "registry+https://github.com/rust-lang/crates.io-index"
checksum = "d2cc698a63b549a70bc047073d2949cce27cd1c7b0a4a862d08a8031bc2801db"
dependencies = [
 "autocfg",
 "num-traits",
]

[[package]]
name = "num-iter"
version = "0.1.42"
source = "registry+https://github.com/rust-lang/crates.io-index"
checksum = "b2021c8337a54d21aca0d59a92577a029af9431cb59b909b03252b9c164fad59"
dependencies = [
 "autocfg",
 "num-integer",
 "num-traits",
]

[[package]]
name = "num-rational"
version = "0.3.2"
source = "registry+https://github.com/rust-lang/crates.io-index"
checksum = "12ac428b1cb17fce6f731001d307d351ec70a6d202fc2e60f7d4c5e42d8f4f07"
dependencies = [
 "autocfg",
 "num-integer",
 "num-traits",
]

[[package]]
name = "num-traits"
version = "0.2.14"
source = "registry+https://github.com/rust-lang/crates.io-index"
checksum = "9a64b1ec5cda2586e284722486d802acf1f7dbdc623e2bfc57e65ca1cd099290"
dependencies = [
 "autocfg",
]

[[package]]
name = "objc"
version = "0.2.7"
source = "registry+https://github.com/rust-lang/crates.io-index"
checksum = "915b1b472bc21c53464d6c8461c9d3af805ba1ef837e1cac254428f4a77177b1"
dependencies = [
 "malloc_buf",
 "objc_exception",
]

[[package]]
name = "objc_exception"
version = "0.1.2"
source = "registry+https://github.com/rust-lang/crates.io-index"
checksum = "ad970fb455818ad6cba4c122ad012fae53ae8b4795f86378bce65e4f6bab2ca4"
dependencies = [
 "cc",
]

[[package]]
name = "once_cell"
version = "1.15.0"
source = "registry+https://github.com/rust-lang/crates.io-index"
checksum = "e82dad04139b71a90c080c8463fe0dc7902db5192d939bd0950f074d014339e1"

[[package]]
name = "parking_lot"
version = "0.11.1"
source = "registry+https://github.com/rust-lang/crates.io-index"
checksum = "6d7744ac029df22dca6284efe4e898991d28e3085c706c972bcd7da4a27a15eb"
dependencies = [
 "instant",
 "lock_api",
 "parking_lot_core",
]

[[package]]
name = "parking_lot_core"
version = "0.8.3"
source = "registry+https://github.com/rust-lang/crates.io-index"
checksum = "fa7a782938e745763fe6907fc6ba86946d72f49fe7e21de074e08128a99fb018"
dependencies = [
 "cfg-if",
 "instant",
 "libc",
 "redox_syscall",
 "smallvec",
 "winapi",
]

[[package]]
name = "petgraph"
version = "0.6.0"
source = "registry+https://github.com/rust-lang/crates.io-index"
checksum = "4a13a2fa9d0b63e5f22328828741e523766fff0ee9e779316902290dff3f824f"
dependencies = [
 "fixedbitset",
 "indexmap",
]

[[package]]
name = "pkg-config"
version = "0.3.19"
source = "registry+https://github.com/rust-lang/crates.io-index"
checksum = "3831453b3449ceb48b6d9c7ad7c96d5ea673e9b470a1dc578c2ce6521230884c"

[[package]]
name = "png"
version = "0.16.8"
source = "registry+https://github.com/rust-lang/crates.io-index"
checksum = "3c3287920cb847dee3de33d301c463fba14dda99db24214ddf93f83d3021f4c6"
dependencies = [
 "bitflags",
 "crc32fast",
 "deflate",
 "miniz_oxide",
]

[[package]]
name = "pollster"
version = "0.2.1"
source = "registry+https://github.com/rust-lang/crates.io-index"
checksum = "1a0c427c464eaca5923b642b3b346792b9c98edd91026aa6a753435e42d2a07b"

[[package]]
name = "proc-macro2"
version = "1.0.24"
source = "registry+https://github.com/rust-lang/crates.io-index"
checksum = "1e0704ee1a7e00d7bb417d0770ea303c1bccbabf0ef1667dae92b5967f5f8a71"
dependencies = [
 "unicode-xid",
]

[[package]]
name = "profiling"
version = "1.0.3"
source = "registry+https://github.com/rust-lang/crates.io-index"
checksum = "87dfd5592a8eed7e74f56ad7b125f8234763b805c30f0c7c95c486920026a6ec"

[[package]]
name = "quote"
version = "1.0.9"
source = "registry+https://github.com/rust-lang/crates.io-index"
checksum = "c3d0b9745dc2debf507c8422de05d7226cc1f0644216dfdfead988f9b1ab32a7"
dependencies = [
 "proc-macro2",
]

[[package]]
name = "range-alloc"
version = "0.1.2"
source = "registry+https://github.com/rust-lang/crates.io-index"
checksum = "63e935c45e09cc6dcf00d2f0b2d630a58f4095320223d47fc68918722f0538b6"

[[package]]
name = "raw-window-handle"
version = "0.4.2"
source = "registry+https://github.com/rust-lang/crates.io-index"
checksum = "fba75eee94a9d5273a68c9e1e105d9cffe1ef700532325788389e5a83e2522b7"
dependencies = [
 "cty",
]

[[package]]
name = "redox_syscall"
version = "0.2.5"
source = "registry+https://github.com/rust-lang/crates.io-index"
checksum = "94341e4e44e24f6b591b59e47a8a027df12e008d73fd5672dbea9cc22f4507d9"
dependencies = [
 "bitflags",
]

[[package]]
name = "renderdoc-sys"
version = "0.7.1"
source = "registry+https://github.com/rust-lang/crates.io-index"
checksum = "f1382d1f0a252c4bf97dc20d979a2fdd05b024acd7c2ed0f7595d7817666a157"

[[package]]
name = "rustc-hash"
version = "1.1.0"
source = "registry+https://github.com/rust-lang/crates.io-index"
checksum = "08d43f7aa6b08d49f382cde6a7982047c3426db949b1424bc4b7ec9ae12c6ce2"

[[package]]
name = "ryu"
version = "1.0.5"
source = "registry+https://github.com/rust-lang/crates.io-index"
checksum = "71d301d4193d031abdd79ff7e3dd721168a9572ef3fe51a1517aba235bd8f86e"

[[package]]
name = "scoped_threadpool"
version = "0.1.9"
source = "registry+https://github.com/rust-lang/crates.io-index"
checksum = "1d51f5df5af43ab3f1360b429fa5e0152ac5ce8c0bd6485cae490332e96846a8"

[[package]]
name = "scopeguard"
version = "1.1.0"
source = "registry+https://github.com/rust-lang/crates.io-index"
checksum = "d29ab0c6d3fc0ee92fe66e2d99f700eab17a8d57d1c1d3b748380fb20baa78cd"

[[package]]
name = "serde"
version = "1.0.123"
source = "registry+https://github.com/rust-lang/crates.io-index"
checksum = "92d5161132722baa40d802cc70b15262b98258453e85e5d1d365c757c73869ae"

[[package]]
name = "serde_derive"
version = "1.0.123"
source = "registry+https://github.com/rust-lang/crates.io-index"
checksum = "9391c295d64fc0abb2c556bad848f33cb8296276b1ad2677d1ae1ace4f258f31"
dependencies = [
 "proc-macro2",
 "quote",
 "syn",
]

[[package]]
name = "serde_json"
version = "1.0.62"
source = "registry+https://github.com/rust-lang/crates.io-index"
checksum = "ea1c6153794552ea7cf7cf63b1231a25de00ec90db326ba6264440fa08e31486"
dependencies = [
 "itoa",
 "ryu",
 "serde",
]

[[package]]
name = "slotmap"
version = "1.0.6"
source = "registry+https://github.com/rust-lang/crates.io-index"
checksum = "e1e08e261d0e8f5c43123b7adf3e4ca1690d655377ac93a03b2c9d3e98de1342"
dependencies = [
 "version_check",
]

[[package]]
name = "smallvec"
version = "1.6.1"
source = "registry+https://github.com/rust-lang/crates.io-index"
checksum = "fe0f37c9e8f3c5a4a66ad655a93c74daac4ad00c441533bf5c6e7990bb42604e"

[[package]]
name = "spirv"
version = "0.2.0+1.5.4"
source = "registry+https://github.com/rust-lang/crates.io-index"
checksum = "246bfa38fe3db3f1dfc8ca5a2cdeb7348c78be2112740cc0ec8ef18b6d94f830"
dependencies = [
 "bitflags",
 "num-traits",
]

[[package]]
name = "svg_fmt"
version = "0.4.1"
source = "registry+https://github.com/rust-lang/crates.io-index"
checksum = "8fb1df15f412ee2e9dfc1c504260fa695c1c3f10fe9f4a6ee2d2184d7d6450e2"

[[package]]
name = "syn"
version = "1.0.67"
source = "registry+https://github.com/rust-lang/crates.io-index"
checksum = "6498a9efc342871f91cc2d0d694c674368b4ceb40f62b65a7a08c3792935e702"
dependencies = [
 "proc-macro2",
 "quote",
 "unicode-xid",
]

[[package]]
name = "termcolor"
version = "1.1.2"
source = "registry+https://github.com/rust-lang/crates.io-index"
checksum = "2dfed899f0eb03f32ee8c6a0aabdb8a7949659e3466561fc0adf54e26d88c5f4"
dependencies = [
 "winapi-util",
]

[[package]]
name = "thiserror"
version = "1.0.24"
source = "registry+https://github.com/rust-lang/crates.io-index"
checksum = "e0f4a65597094d4483ddaed134f409b2cb7c1beccf25201a9f73c719254fa98e"
dependencies = [
 "thiserror-impl",
]

[[package]]
name = "thiserror-impl"
version = "1.0.24"
source = "registry+https://github.com/rust-lang/crates.io-index"
checksum = "7765189610d8241a44529806d6fd1f2e0a08734313a35d5b3a556f92b381f3c0"
dependencies = [
 "proc-macro2",
 "quote",
 "syn",
]

[[package]]
name = "unicode-width"
version = "0.1.9"
source = "registry+https://github.com/rust-lang/crates.io-index"
checksum = "3ed742d4ea2bd1176e236172c8429aaf54486e7ac098db29ffe6529e0ce50973"

[[package]]
name = "unicode-xid"
version = "0.2.4"
source = "registry+https://github.com/rust-lang/crates.io-index"
checksum = "f962df74c8c05a667b5ee8bcf162993134c104e96440b663c8daa176dc772d8c"

[[package]]
name = "version_check"
version = "0.9.2"
source = "registry+https://github.com/rust-lang/crates.io-index"
checksum = "b5a972e5669d67ba988ce3dc826706fb0a8b01471c088cb0b6110b805cc36aed"

[[package]]
name = "wasm-bindgen"
version = "0.2.83"
source = "registry+https://github.com/rust-lang/crates.io-index"
checksum = "eaf9f5aceeec8be17c128b2e93e031fb8a4d469bb9c4ae2d7dc1888b26887268"
dependencies = [
 "cfg-if",
 "wasm-bindgen-macro",
]

[[package]]
name = "wasm-bindgen-backend"
version = "0.2.83"
source = "registry+https://github.com/rust-lang/crates.io-index"
checksum = "4c8ffb332579b0557b52d268b91feab8df3615f265d5270fec2a8c95b17c1142"
dependencies = [
 "bumpalo",
 "log",
 "once_cell",
 "proc-macro2",
 "quote",
 "syn",
 "wasm-bindgen-shared",
]

[[package]]
name = "wasm-bindgen-futures"
version = "0.4.33"
source = "registry+https://github.com/rust-lang/crates.io-index"
checksum = "23639446165ca5a5de86ae1d8896b737ae80319560fbaa4c2887b7da6e7ebd7d"
dependencies = [
 "cfg-if",
 "js-sys",
 "wasm-bindgen",
 "web-sys",
]

[[package]]
name = "wasm-bindgen-macro"
version = "0.2.83"
source = "registry+https://github.com/rust-lang/crates.io-index"
checksum = "052be0f94026e6cbc75cdefc9bae13fd6052cdcaf532fa6c45e7ae33a1e6c810"
dependencies = [
 "quote",
 "wasm-bindgen-macro-support",
]

[[package]]
name = "wasm-bindgen-macro-support"
version = "0.2.83"
source = "registry+https://github.com/rust-lang/crates.io-index"
checksum = "07bc0c051dc5f23e307b13285f9d75df86bfdf816c5721e573dec1f9b8aa193c"
dependencies = [
 "proc-macro2",
 "quote",
 "syn",
 "wasm-bindgen-backend",
 "wasm-bindgen-shared",
]

[[package]]
name = "wasm-bindgen-shared"
version = "0.2.83"
source = "registry+https://github.com/rust-lang/crates.io-index"
checksum = "1c38c045535d93ec4f0b4defec448e4291638ee608530863b1e2ba115d4fff7f"

[[package]]
name = "web-sys"
version = "0.3.60"
source = "registry+https://github.com/rust-lang/crates.io-index"
checksum = "bcda906d8be16e728fd5adc5b729afad4e444e106ab28cd1c7256e54fa61510f"
dependencies = [
 "js-sys",
 "wasm-bindgen",
]

[[package]]
name = "wgpu"
version = "0.13.1"
source = "registry+https://github.com/rust-lang/crates.io-index"
checksum = "277e967bf8b7820a76852645a6bce8bbd31c32fda2042e82d8e3ea75fda8892d"
dependencies = [
 "arrayvec",
 "js-sys",
 "log",
 "naga",
 "parking_lot",
 "raw-window-handle",
 "smallvec",
 "wasm-bindgen",
 "wasm-bindgen-futures",
 "web-sys",
 "wgpu-core",
 "wgpu-hal",
 "wgpu-types",
]

[[package]]
name = "wgpu-core"
version = "0.13.2"
source = "registry+https://github.com/rust-lang/crates.io-index"
checksum = "89b92788dec9d0c1bed849a1b83f01b2ee12819bf04a79c90f68e4173f7b5ba2"
dependencies = [
 "arrayvec",
 "bit-vec",
 "bitflags",
 "cfg_aliases",
 "codespan-reporting",
 "copyless",
 "fxhash",
 "log",
 "naga",
 "parking_lot",
 "profiling",
 "raw-window-handle",
 "smallvec",
 "thiserror",
 "web-sys",
 "wgpu-hal",
 "wgpu-types",
]

[[package]]
name = "wgpu-hal"
version = "0.13.2"
source = "registry+https://github.com/rust-lang/crates.io-index"
checksum = "20cbdfc3d0637dba3d5536b93adef3d26023a0b96f0e1ee5ee9560a401d9f646"
dependencies = [
 "android_system_properties",
 "arrayvec",
 "ash",
 "bit-set",
 "bitflags",
 "block",
 "core-graphics-types",
 "d3d12",
 "foreign-types",
 "fxhash",
 "glow",
 "gpu-alloc",
 "gpu-descriptor",
 "inplace_it",
 "js-sys",
 "khronos-egl",
 "libloading",
 "log",
 "metal",
 "naga",
 "objc",
 "parking_lot",
 "profiling",
 "range-alloc",
 "raw-window-handle",
 "renderdoc-sys",
 "thiserror",
 "wasm-bindgen",
 "web-sys",
 "wgpu-types",
 "winapi",
]

[[package]]
name = "wgpu-types"
version = "0.13.2"
source = "registry+https://github.com/rust-lang/crates.io-index"
checksum = "1f762cbc08e1a51389859cf9c199c7aef544789cf3510889aab12c607f701604"
dependencies = [
 "bitflags",
]

[[package]]
name = "winapi"
version = "0.3.9"
source = "registry+https://github.com/rust-lang/crates.io-index"
checksum = "5c839a674fcd7a98952e593242ea400abe93992746761e38641405d28b00f419"
dependencies = [
 "winapi-i686-pc-windows-gnu",
 "winapi-x86_64-pc-windows-gnu",
]

[[package]]
name = "winapi-i686-pc-windows-gnu"
version = "0.4.0"
source = "registry+https://github.com/rust-lang/crates.io-index"
checksum = "ac3b87c63620426dd9b991e5ce0329eff545bccbbb34f3be09ff6fb6ab51b7b6"

[[package]]
name = "winapi-util"
version = "0.1.5"
source = "registry+https://github.com/rust-lang/crates.io-index"
checksum = "70ec6ce85bb158151cae5e5c87f95a8e97d2c0c4b001223f33a334e3ce5de178"
dependencies = [
 "winapi",
]

[[package]]
name = "winapi-x86_64-pc-windows-gnu"
version = "0.4.0"
source = "registry+https://github.com/rust-lang/crates.io-index"
checksum = "712e227841d057c1ee1cd2fb22fa7e5a5461ae8e48fa2ca79ec42cfc1931183f"
